// !$*UTF8*$!
{
	archiveVersion = 1;
	classes = {
	};
	objectVersion = 56;
	objects = {

/* Begin PBXBuildFile section */
		AD10D4BA2C3D1034008481FF /* TDDApp.swift in Sources */ = {isa = PBXBuildFile; fileRef = AD10D4B92C3D1034008481FF /* TDDApp.swift */; };
		AD10D4BE2C3D1035008481FF /* Assets.xcassets in Resources */ = {isa = PBXBuildFile; fileRef = AD10D4BD2C3D1035008481FF /* Assets.xcassets */; };
		AD10D4C12C3D1035008481FF /* Preview Assets.xcassets in Resources */ = {isa = PBXBuildFile; fileRef = AD10D4C02C3D1035008481FF /* Preview Assets.xcassets */; };
		AD10D4D02C3D1340008481FF /* Alamofire in Frameworks */ = {isa = PBXBuildFile; productRef = AD10D4CF2C3D1340008481FF /* Alamofire */; };
		AD10DBAD2C3ED76B00785252 /* AuthenticationView.swift in Sources */ = {isa = PBXBuildFile; fileRef = AD10DBAC2C3ED76B00785252 /* AuthenticationView.swift */; };
		AD10DBAF2C3ED77400785252 /* AuthenticationViewModel.swift in Sources */ = {isa = PBXBuildFile; fileRef = AD10DBAE2C3ED77400785252 /* AuthenticationViewModel.swift */; };
		AD10DBB22C3FB5FF00785252 /* CalendarView.swift in Sources */ = {isa = PBXBuildFile; fileRef = AD10DBB12C3FB5FF00785252 /* CalendarView.swift */; };
		AD10DBB92C400F6F00785252 /* Services.swift in Sources */ = {isa = PBXBuildFile; fileRef = AD10DBB82C400F6F00785252 /* Services.swift */; };
		AD10DBBB2C401A9B00785252 /* DIContainer.swift in Sources */ = {isa = PBXBuildFile; fileRef = AD10DBBA2C401A9B00785252 /* DIContainer.swift */; };
		AD10DBBE2C401F2700785252 /* MainTabView.swift in Sources */ = {isa = PBXBuildFile; fileRef = AD10DBBD2C401F2700785252 /* MainTabView.swift */; };
		AD10DBC32C401F7A00785252 /* MainTabType.swift in Sources */ = {isa = PBXBuildFile; fileRef = AD10DBC22C401F7A00785252 /* MainTabType.swift */; };
		AD10DBC72C40232400785252 /* MyInfoView.swift in Sources */ = {isa = PBXBuildFile; fileRef = AD10DBC62C40232400785252 /* MyInfoView.swift */; };
		AD10DBC92C40234000785252 /* UnKnownView.swift in Sources */ = {isa = PBXBuildFile; fileRef = AD10DBC82C40234000785252 /* UnKnownView.swift */; };
		AD10DBCB2C40C4C600785252 /* CalendarViewModel.swift in Sources */ = {isa = PBXBuildFile; fileRef = AD10DBCA2C40C4C600785252 /* CalendarViewModel.swift */; };
		AD10DBCE2C40CA0E00785252 /* Date+Extension.swift in Sources */ = {isa = PBXBuildFile; fileRef = AD10DBCD2C40CA0E00785252 /* Date+Extension.swift */; };
		AD10DBD02C40D3DB00785252 /* Month.swift in Sources */ = {isa = PBXBuildFile; fileRef = AD10DBCF2C40D3DB00785252 /* Month.swift */; };
		AD241F4F2C4E2AA700DE8805 /* GetTodoListRequest.swift in Sources */ = {isa = PBXBuildFile; fileRef = AD241F4E2C4E2AA700DE8805 /* GetTodoListRequest.swift */; };
		AD241F522C4E2B0B00DE8805 /* GitHubAPI.swift in Sources */ = {isa = PBXBuildFile; fileRef = AD241F512C4E2B0B00DE8805 /* GitHubAPI.swift */; };
		AD241F542C4E2B1700DE8805 /* GitHubAPITarget.swift in Sources */ = {isa = PBXBuildFile; fileRef = AD241F532C4E2B1700DE8805 /* GitHubAPITarget.swift */; };
		AD241F572C4E2B6800DE8805 /* CreateRepoRequest.swift in Sources */ = {isa = PBXBuildFile; fileRef = AD241F562C4E2B6800DE8805 /* CreateRepoRequest.swift */; };
		AD46DDF22C47762A00DE940B /* Color.xcassets in Resources */ = {isa = PBXBuildFile; fileRef = AD46DDF12C47762A00DE940B /* Color.xcassets */; };
		AD46DDF82C47906E00DE940B /* TargetType.swift in Sources */ = {isa = PBXBuildFile; fileRef = AD46DDF72C47906E00DE940B /* TargetType.swift */; };
		AD46DDFA2C4792C500DE940B /* HTTPHeaderField.swift in Sources */ = {isa = PBXBuildFile; fileRef = AD46DDF92C4792C500DE940B /* HTTPHeaderField.swift */; };
		AD46DDFE2C47954000DE940B /* TodoAPITarget.swift in Sources */ = {isa = PBXBuildFile; fileRef = AD46DDFD2C47954000DE940B /* TodoAPITarget.swift */; };
		AD46DE012C4795BC00DE940B /* CreateTodoRequest.swift in Sources */ = {isa = PBXBuildFile; fileRef = AD46DE002C4795BC00DE940B /* CreateTodoRequest.swift */; };
		AD46DE032C47981E00DE940B /* TodoAPI.swift in Sources */ = {isa = PBXBuildFile; fileRef = AD46DE022C47981E00DE940B /* TodoAPI.swift */; };
		AD46DE052C479AF300DE940B /* APIEventLogger.swift in Sources */ = {isa = PBXBuildFile; fileRef = AD46DE042C479AF300DE940B /* APIEventLogger.swift */; };
		AD46DE072C47A38000DE940B /* API.swift in Sources */ = {isa = PBXBuildFile; fileRef = AD46DE062C47A38000DE940B /* API.swift */; };
		AD46DE092C47AFAF00DE940B /* AuthInterceptor.swift in Sources */ = {isa = PBXBuildFile; fileRef = AD46DE082C47AFAF00DE940B /* AuthInterceptor.swift */; };
		AD5D72C32C5213F4009FE208 /* GetTodoCountRequest.swift in Sources */ = {isa = PBXBuildFile; fileRef = AD5D72C22C5213F4009FE208 /* GetTodoCountRequest.swift */; };
		AD5D72C52C521A95009FE208 /* GetTodoCountResponse.swift in Sources */ = {isa = PBXBuildFile; fileRef = AD5D72C42C521A95009FE208 /* GetTodoCountResponse.swift */; };
		AD5D72C72C521FBC009FE208 /* GetTodoListResponse.swift in Sources */ = {isa = PBXBuildFile; fileRef = AD5D72C62C521FBC009FE208 /* GetTodoListResponse.swift */; };
		AD5D72C92C522C0B009FE208 /* TodoService.swift in Sources */ = {isa = PBXBuildFile; fileRef = AD5D72C82C522C0B009FE208 /* TodoService.swift */; };
		AD5D72CB2C524036009FE208 /* ServiceError.swift in Sources */ = {isa = PBXBuildFile; fileRef = AD5D72CA2C524036009FE208 /* ServiceError.swift */; };
		AD5D72CF2C54E3E7009FE208 /* AuthenticationService.swift in Sources */ = {isa = PBXBuildFile; fileRef = AD5D72CE2C54E3E7009FE208 /* AuthenticationService.swift */; };
		AD5D72D22C54F286009FE208 /* AuthAPI.swift in Sources */ = {isa = PBXBuildFile; fileRef = AD5D72D12C54F286009FE208 /* AuthAPI.swift */; };
		AD5D72D42C54F291009FE208 /* AuthAPITarget.swift in Sources */ = {isa = PBXBuildFile; fileRef = AD5D72D32C54F291009FE208 /* AuthAPITarget.swift */; };
		AD5D72D72C54F2E1009FE208 /* LoginRequest.swift in Sources */ = {isa = PBXBuildFile; fileRef = AD5D72D62C54F2E1009FE208 /* LoginRequest.swift */; };
		AD5D72D92C54F2E9009FE208 /* LoginResponse.swift in Sources */ = {isa = PBXBuildFile; fileRef = AD5D72D82C54F2E9009FE208 /* LoginResponse.swift */; };
		AD67DF322C47EF7D008971DB /* CreateRepoView.swift in Sources */ = {isa = PBXBuildFile; fileRef = AD67DF312C47EF7D008971DB /* CreateRepoView.swift */; };
		AD67DF342C47EF88008971DB /* CreateRepoViewModel.swift in Sources */ = {isa = PBXBuildFile; fileRef = AD67DF332C47EF88008971DB /* CreateRepoViewModel.swift */; };
		AD67DF372C47F3BA008971DB /* NavigationDestination.swift in Sources */ = {isa = PBXBuildFile; fileRef = AD67DF362C47F3BA008971DB /* NavigationDestination.swift */; };
		AD67DF392C47F400008971DB /* NavigationRouter.swift in Sources */ = {isa = PBXBuildFile; fileRef = AD67DF382C47F400008971DB /* NavigationRouter.swift */; };
		AD67DF3C2C47F449008971DB /* ObservableObjectSettable.swift in Sources */ = {isa = PBXBuildFile; fileRef = AD67DF3B2C47F449008971DB /* ObservableObjectSettable.swift */; };
		AD6E2A6F2C5CA4EC006783B9 /* RefreshRequest.swift in Sources */ = {isa = PBXBuildFile; fileRef = AD6E2A6E2C5CA4EC006783B9 /* RefreshRequest.swift */; };
		AD6E2A712C5CA51C006783B9 /* RefreshResponse.swift in Sources */ = {isa = PBXBuildFile; fileRef = AD6E2A702C5CA51C006783B9 /* RefreshResponse.swift */; };
		AD6E2A732C5CBC7D006783B9 /* GitHubService.swift in Sources */ = {isa = PBXBuildFile; fileRef = AD6E2A722C5CBC7D006783B9 /* GitHubService.swift */; };
		AD6E2A752C5CC279006783B9 /* Phase.swift in Sources */ = {isa = PBXBuildFile; fileRef = AD6E2A742C5CC279006783B9 /* Phase.swift */; };
		AD6E2A772C5CC6DA006783B9 /* PlaceholderView.swift in Sources */ = {isa = PBXBuildFile; fileRef = AD6E2A762C5CC6DA006783B9 /* PlaceholderView.swift */; };
		AD6E2A792C5CC6FF006783B9 /* LoadingView.swift in Sources */ = {isa = PBXBuildFile; fileRef = AD6E2A782C5CC6FF006783B9 /* LoadingView.swift */; };
		AD6E2A7B2C5CC734006783B9 /* ErrorView.swift in Sources */ = {isa = PBXBuildFile; fileRef = AD6E2A7A2C5CC734006783B9 /* ErrorView.swift */; };
		AD80C8102C510CF900FB71A9 /* TodoDetailView.swift in Sources */ = {isa = PBXBuildFile; fileRef = AD80C80F2C510CF900FB71A9 /* TodoDetailView.swift */; };
		AD87D0EF2C5B5A0700E68C90 /* TodoInputViewModel.swift in Sources */ = {isa = PBXBuildFile; fileRef = AD87D0EE2C5B5A0700E68C90 /* TodoInputViewModel.swift */; };
		AD8996C32C5930510081B487 /* LinkGitHubView.swift in Sources */ = {isa = PBXBuildFile; fileRef = AD8996C22C5930510081B487 /* LinkGitHubView.swift */; };
		AD8996C52C5931BC0081B487 /* LinkGitHubViewModel.swift in Sources */ = {isa = PBXBuildFile; fileRef = AD8996C42C5931BC0081B487 /* LinkGitHubViewModel.swift */; };
		ADAA4FE92C58BD7100EF30E0 /* KeychainManager.swift in Sources */ = {isa = PBXBuildFile; fileRef = ADAA4FE82C58BD7100EF30E0 /* KeychainManager.swift */; };
		ADAA4FEE2C58EA3B00EF30E0 /* TodoCellView.swift in Sources */ = {isa = PBXBuildFile; fileRef = ADAA4FED2C58EA3B00EF30E0 /* TodoCellView.swift */; };
		ADAA4FF02C58EB3900EF30E0 /* TodoInputView.swift in Sources */ = {isa = PBXBuildFile; fileRef = ADAA4FEF2C58EB3900EF30E0 /* TodoInputView.swift */; };
		ADAA4FF22C58F07000EF30E0 /* TodoListView.swift in Sources */ = {isa = PBXBuildFile; fileRef = ADAA4FF12C58F07000EF30E0 /* TodoListView.swift */; };
		ADAAF2CE2C5E6F5A00C292CA /* TodoDetailViewModel.swift in Sources */ = {isa = PBXBuildFile; fileRef = ADAAF2CD2C5E6F5A00C292CA /* TodoDetailViewModel.swift */; };
		ADAAF2D02C5F786800C292CA /* TodoInfoModifier.swift in Sources */ = {isa = PBXBuildFile; fileRef = ADAAF2CF2C5F786800C292CA /* TodoInfoModifier.swift */; };
		ADAAF2D22C5F796200C292CA /* TodoInfo.swift in Sources */ = {isa = PBXBuildFile; fileRef = ADAAF2D12C5F796200C292CA /* TodoInfo.swift */; };
		ADEA4B5E2C48A72700C10B9C /* MainTabViewModel.swift in Sources */ = {isa = PBXBuildFile; fileRef = ADEA4B5D2C48A72700C10B9C /* MainTabViewModel.swift */; };
		ADEA4B622C48A8F700C10B9C /* NavigationRoutingView.swift in Sources */ = {isa = PBXBuildFile; fileRef = ADEA4B612C48A8F700C10B9C /* NavigationRoutingView.swift */; };
		ADF2AB7D2C3E994900B5AD60 /* LoginView.swift in Sources */ = {isa = PBXBuildFile; fileRef = ADF2AB7C2C3E994900B5AD60 /* LoginView.swift */; };
		ADF2AB7F2C3EA0BF00B5AD60 /* LoginWebView.swift in Sources */ = {isa = PBXBuildFile; fileRef = ADF2AB7E2C3EA0BF00B5AD60 /* LoginWebView.swift */; };
		ADFBF5E62C6098B50022ED2A /* TodoPatchRequest.swift in Sources */ = {isa = PBXBuildFile; fileRef = ADFBF5E52C6098B50022ED2A /* TodoPatchRequest.swift */; };
/* End PBXBuildFile section */

/* Begin PBXCopyFilesBuildPhase section */
		AD10D4CD2C3D1257008481FF /* Embed Frameworks */ = {
			isa = PBXCopyFilesBuildPhase;
			buildActionMask = 2147483647;
			dstPath = "";
			dstSubfolderSpec = 10;
			files = (
			);
			name = "Embed Frameworks";
			runOnlyForDeploymentPostprocessing = 0;
		};
/* End PBXCopyFilesBuildPhase section */

/* Begin PBXFileReference section */
		AD10D4B62C3D1034008481FF /* TDD.app */ = {isa = PBXFileReference; explicitFileType = wrapper.application; includeInIndex = 0; path = TDD.app; sourceTree = BUILT_PRODUCTS_DIR; };
		AD10D4B92C3D1034008481FF /* TDDApp.swift */ = {isa = PBXFileReference; lastKnownFileType = sourcecode.swift; path = TDDApp.swift; sourceTree = "<group>"; };
		AD10D4BD2C3D1035008481FF /* Assets.xcassets */ = {isa = PBXFileReference; lastKnownFileType = folder.assetcatalog; path = Assets.xcassets; sourceTree = "<group>"; };
		AD10D4C02C3D1035008481FF /* Preview Assets.xcassets */ = {isa = PBXFileReference; lastKnownFileType = folder.assetcatalog; path = "Preview Assets.xcassets"; sourceTree = "<group>"; };
		AD10DBAC2C3ED76B00785252 /* AuthenticationView.swift */ = {isa = PBXFileReference; lastKnownFileType = sourcecode.swift; path = AuthenticationView.swift; sourceTree = "<group>"; };
		AD10DBAE2C3ED77400785252 /* AuthenticationViewModel.swift */ = {isa = PBXFileReference; lastKnownFileType = sourcecode.swift; path = AuthenticationViewModel.swift; sourceTree = "<group>"; };
		AD10DBB12C3FB5FF00785252 /* CalendarView.swift */ = {isa = PBXFileReference; lastKnownFileType = sourcecode.swift; path = CalendarView.swift; sourceTree = "<group>"; };
		AD10DBB32C3FC61300785252 /* Info.plist */ = {isa = PBXFileReference; lastKnownFileType = text.plist; path = Info.plist; sourceTree = "<group>"; };
		AD10DBB82C400F6F00785252 /* Services.swift */ = {isa = PBXFileReference; lastKnownFileType = sourcecode.swift; path = Services.swift; sourceTree = "<group>"; };
		AD10DBBA2C401A9B00785252 /* DIContainer.swift */ = {isa = PBXFileReference; lastKnownFileType = sourcecode.swift; path = DIContainer.swift; sourceTree = "<group>"; };
		AD10DBBD2C401F2700785252 /* MainTabView.swift */ = {isa = PBXFileReference; lastKnownFileType = sourcecode.swift; path = MainTabView.swift; sourceTree = "<group>"; };
		AD10DBC22C401F7A00785252 /* MainTabType.swift */ = {isa = PBXFileReference; lastKnownFileType = sourcecode.swift; path = MainTabType.swift; sourceTree = "<group>"; };
		AD10DBC62C40232400785252 /* MyInfoView.swift */ = {isa = PBXFileReference; lastKnownFileType = sourcecode.swift; path = MyInfoView.swift; sourceTree = "<group>"; };
		AD10DBC82C40234000785252 /* UnKnownView.swift */ = {isa = PBXFileReference; lastKnownFileType = sourcecode.swift; path = UnKnownView.swift; sourceTree = "<group>"; };
		AD10DBCA2C40C4C600785252 /* CalendarViewModel.swift */ = {isa = PBXFileReference; lastKnownFileType = sourcecode.swift; path = CalendarViewModel.swift; sourceTree = "<group>"; };
		AD10DBCD2C40CA0E00785252 /* Date+Extension.swift */ = {isa = PBXFileReference; lastKnownFileType = sourcecode.swift; path = "Date+Extension.swift"; sourceTree = "<group>"; };
		AD10DBCF2C40D3DB00785252 /* Month.swift */ = {isa = PBXFileReference; lastKnownFileType = sourcecode.swift; path = Month.swift; sourceTree = "<group>"; };
		AD241F4E2C4E2AA700DE8805 /* GetTodoListRequest.swift */ = {isa = PBXFileReference; lastKnownFileType = sourcecode.swift; path = GetTodoListRequest.swift; sourceTree = "<group>"; };
		AD241F512C4E2B0B00DE8805 /* GitHubAPI.swift */ = {isa = PBXFileReference; lastKnownFileType = sourcecode.swift; path = GitHubAPI.swift; sourceTree = "<group>"; };
		AD241F532C4E2B1700DE8805 /* GitHubAPITarget.swift */ = {isa = PBXFileReference; lastKnownFileType = sourcecode.swift; path = GitHubAPITarget.swift; sourceTree = "<group>"; };
		AD241F562C4E2B6800DE8805 /* CreateRepoRequest.swift */ = {isa = PBXFileReference; lastKnownFileType = sourcecode.swift; path = CreateRepoRequest.swift; sourceTree = "<group>"; };
		AD46DDF12C47762A00DE940B /* Color.xcassets */ = {isa = PBXFileReference; lastKnownFileType = folder.assetcatalog; path = Color.xcassets; sourceTree = "<group>"; };
		AD46DDF72C47906E00DE940B /* TargetType.swift */ = {isa = PBXFileReference; lastKnownFileType = sourcecode.swift; path = TargetType.swift; sourceTree = "<group>"; };
		AD46DDF92C4792C500DE940B /* HTTPHeaderField.swift */ = {isa = PBXFileReference; lastKnownFileType = sourcecode.swift; path = HTTPHeaderField.swift; sourceTree = "<group>"; };
		AD46DDFD2C47954000DE940B /* TodoAPITarget.swift */ = {isa = PBXFileReference; lastKnownFileType = sourcecode.swift; path = TodoAPITarget.swift; sourceTree = "<group>"; };
		AD46DE002C4795BC00DE940B /* CreateTodoRequest.swift */ = {isa = PBXFileReference; lastKnownFileType = sourcecode.swift; path = CreateTodoRequest.swift; sourceTree = "<group>"; };
		AD46DE022C47981E00DE940B /* TodoAPI.swift */ = {isa = PBXFileReference; lastKnownFileType = sourcecode.swift; path = TodoAPI.swift; sourceTree = "<group>"; };
		AD46DE042C479AF300DE940B /* APIEventLogger.swift */ = {isa = PBXFileReference; lastKnownFileType = sourcecode.swift; path = APIEventLogger.swift; sourceTree = "<group>"; };
		AD46DE062C47A38000DE940B /* API.swift */ = {isa = PBXFileReference; lastKnownFileType = sourcecode.swift; path = API.swift; sourceTree = "<group>"; };
		AD46DE082C47AFAF00DE940B /* AuthInterceptor.swift */ = {isa = PBXFileReference; lastKnownFileType = sourcecode.swift; path = AuthInterceptor.swift; sourceTree = "<group>"; };
		AD5D72C22C5213F4009FE208 /* GetTodoCountRequest.swift */ = {isa = PBXFileReference; lastKnownFileType = sourcecode.swift; path = GetTodoCountRequest.swift; sourceTree = "<group>"; };
		AD5D72C42C521A95009FE208 /* GetTodoCountResponse.swift */ = {isa = PBXFileReference; lastKnownFileType = sourcecode.swift; path = GetTodoCountResponse.swift; sourceTree = "<group>"; };
		AD5D72C62C521FBC009FE208 /* GetTodoListResponse.swift */ = {isa = PBXFileReference; lastKnownFileType = sourcecode.swift; path = GetTodoListResponse.swift; sourceTree = "<group>"; };
		AD5D72C82C522C0B009FE208 /* TodoService.swift */ = {isa = PBXFileReference; lastKnownFileType = sourcecode.swift; path = TodoService.swift; sourceTree = "<group>"; };
		AD5D72CA2C524036009FE208 /* ServiceError.swift */ = {isa = PBXFileReference; lastKnownFileType = sourcecode.swift; path = ServiceError.swift; sourceTree = "<group>"; };
		AD5D72CC2C5394BB009FE208 /* TDDDebug.entitlements */ = {isa = PBXFileReference; lastKnownFileType = text.plist.entitlements; path = TDDDebug.entitlements; sourceTree = "<group>"; };
		AD5D72CD2C5397EE009FE208 /* TDD.entitlements */ = {isa = PBXFileReference; lastKnownFileType = text.plist.entitlements; path = TDD.entitlements; sourceTree = "<group>"; };
		AD5D72CE2C54E3E7009FE208 /* AuthenticationService.swift */ = {isa = PBXFileReference; lastKnownFileType = sourcecode.swift; path = AuthenticationService.swift; sourceTree = "<group>"; };
		AD5D72D12C54F286009FE208 /* AuthAPI.swift */ = {isa = PBXFileReference; lastKnownFileType = sourcecode.swift; path = AuthAPI.swift; sourceTree = "<group>"; };
		AD5D72D32C54F291009FE208 /* AuthAPITarget.swift */ = {isa = PBXFileReference; lastKnownFileType = sourcecode.swift; path = AuthAPITarget.swift; sourceTree = "<group>"; };
		AD5D72D62C54F2E1009FE208 /* LoginRequest.swift */ = {isa = PBXFileReference; lastKnownFileType = sourcecode.swift; path = LoginRequest.swift; sourceTree = "<group>"; };
		AD5D72D82C54F2E9009FE208 /* LoginResponse.swift */ = {isa = PBXFileReference; lastKnownFileType = sourcecode.swift; path = LoginResponse.swift; sourceTree = "<group>"; };
		AD67DF312C47EF7D008971DB /* CreateRepoView.swift */ = {isa = PBXFileReference; lastKnownFileType = sourcecode.swift; path = CreateRepoView.swift; sourceTree = "<group>"; };
		AD67DF332C47EF88008971DB /* CreateRepoViewModel.swift */ = {isa = PBXFileReference; lastKnownFileType = sourcecode.swift; path = CreateRepoViewModel.swift; sourceTree = "<group>"; };
		AD67DF362C47F3BA008971DB /* NavigationDestination.swift */ = {isa = PBXFileReference; lastKnownFileType = sourcecode.swift; path = NavigationDestination.swift; sourceTree = "<group>"; };
		AD67DF382C47F400008971DB /* NavigationRouter.swift */ = {isa = PBXFileReference; lastKnownFileType = sourcecode.swift; path = NavigationRouter.swift; sourceTree = "<group>"; };
		AD67DF3B2C47F449008971DB /* ObservableObjectSettable.swift */ = {isa = PBXFileReference; lastKnownFileType = sourcecode.swift; path = ObservableObjectSettable.swift; sourceTree = "<group>"; };
		AD6E2A6E2C5CA4EC006783B9 /* RefreshRequest.swift */ = {isa = PBXFileReference; lastKnownFileType = sourcecode.swift; path = RefreshRequest.swift; sourceTree = "<group>"; };
		AD6E2A702C5CA51C006783B9 /* RefreshResponse.swift */ = {isa = PBXFileReference; lastKnownFileType = sourcecode.swift; path = RefreshResponse.swift; sourceTree = "<group>"; };
		AD6E2A722C5CBC7D006783B9 /* GitHubService.swift */ = {isa = PBXFileReference; lastKnownFileType = sourcecode.swift; path = GitHubService.swift; sourceTree = "<group>"; };
		AD6E2A742C5CC279006783B9 /* Phase.swift */ = {isa = PBXFileReference; lastKnownFileType = sourcecode.swift; path = Phase.swift; sourceTree = "<group>"; };
		AD6E2A762C5CC6DA006783B9 /* PlaceholderView.swift */ = {isa = PBXFileReference; lastKnownFileType = sourcecode.swift; path = PlaceholderView.swift; sourceTree = "<group>"; };
		AD6E2A782C5CC6FF006783B9 /* LoadingView.swift */ = {isa = PBXFileReference; lastKnownFileType = sourcecode.swift; path = LoadingView.swift; sourceTree = "<group>"; };
		AD6E2A7A2C5CC734006783B9 /* ErrorView.swift */ = {isa = PBXFileReference; lastKnownFileType = sourcecode.swift; path = ErrorView.swift; sourceTree = "<group>"; };
		AD80C80F2C510CF900FB71A9 /* TodoDetailView.swift */ = {isa = PBXFileReference; lastKnownFileType = sourcecode.swift; path = TodoDetailView.swift; sourceTree = "<group>"; };
		AD87D0EE2C5B5A0700E68C90 /* TodoInputViewModel.swift */ = {isa = PBXFileReference; lastKnownFileType = sourcecode.swift; path = TodoInputViewModel.swift; sourceTree = "<group>"; };
		AD8996C22C5930510081B487 /* LinkGitHubView.swift */ = {isa = PBXFileReference; lastKnownFileType = sourcecode.swift; path = LinkGitHubView.swift; sourceTree = "<group>"; };
		AD8996C42C5931BC0081B487 /* LinkGitHubViewModel.swift */ = {isa = PBXFileReference; lastKnownFileType = sourcecode.swift; path = LinkGitHubViewModel.swift; sourceTree = "<group>"; };
		ADAA4FE82C58BD7100EF30E0 /* KeychainManager.swift */ = {isa = PBXFileReference; lastKnownFileType = sourcecode.swift; path = KeychainManager.swift; sourceTree = "<group>"; };
		ADAA4FED2C58EA3B00EF30E0 /* TodoCellView.swift */ = {isa = PBXFileReference; lastKnownFileType = sourcecode.swift; path = TodoCellView.swift; sourceTree = "<group>"; };
		ADAA4FEF2C58EB3900EF30E0 /* TodoInputView.swift */ = {isa = PBXFileReference; lastKnownFileType = sourcecode.swift; path = TodoInputView.swift; sourceTree = "<group>"; };
		ADAA4FF12C58F07000EF30E0 /* TodoListView.swift */ = {isa = PBXFileReference; lastKnownFileType = sourcecode.swift; path = TodoListView.swift; sourceTree = "<group>"; };
		ADAAF2CD2C5E6F5A00C292CA /* TodoDetailViewModel.swift */ = {isa = PBXFileReference; lastKnownFileType = sourcecode.swift; path = TodoDetailViewModel.swift; sourceTree = "<group>"; };
		ADAAF2CF2C5F786800C292CA /* TodoInfoModifier.swift */ = {isa = PBXFileReference; lastKnownFileType = sourcecode.swift; path = TodoInfoModifier.swift; sourceTree = "<group>"; };
		ADAAF2D12C5F796200C292CA /* TodoInfo.swift */ = {isa = PBXFileReference; lastKnownFileType = sourcecode.swift; path = TodoInfo.swift; sourceTree = "<group>"; };
		ADEA4B5D2C48A72700C10B9C /* MainTabViewModel.swift */ = {isa = PBXFileReference; lastKnownFileType = sourcecode.swift; path = MainTabViewModel.swift; sourceTree = "<group>"; };
		ADEA4B612C48A8F700C10B9C /* NavigationRoutingView.swift */ = {isa = PBXFileReference; lastKnownFileType = sourcecode.swift; path = NavigationRoutingView.swift; sourceTree = "<group>"; };
		ADF2AB7C2C3E994900B5AD60 /* LoginView.swift */ = {isa = PBXFileReference; lastKnownFileType = sourcecode.swift; path = LoginView.swift; sourceTree = "<group>"; };
		ADF2AB7E2C3EA0BF00B5AD60 /* LoginWebView.swift */ = {isa = PBXFileReference; lastKnownFileType = sourcecode.swift; path = LoginWebView.swift; sourceTree = "<group>"; };
		ADFBF5E52C6098B50022ED2A /* TodoPatchRequest.swift */ = {isa = PBXFileReference; lastKnownFileType = sourcecode.swift; path = TodoPatchRequest.swift; sourceTree = "<group>"; };
/* End PBXFileReference section */

/* Begin PBXFrameworksBuildPhase section */
		AD10D4B32C3D1034008481FF /* Frameworks */ = {
			isa = PBXFrameworksBuildPhase;
			buildActionMask = 2147483647;
			files = (
				AD10D4D02C3D1340008481FF /* Alamofire in Frameworks */,
			);
			runOnlyForDeploymentPostprocessing = 0;
		};
/* End PBXFrameworksBuildPhase section */

/* Begin PBXGroup section */
		AD10D4AD2C3D1034008481FF = {
			isa = PBXGroup;
			children = (
				AD10D4B82C3D1034008481FF /* TDD */,
				AD10D4B72C3D1034008481FF /* Products */,
			);
			sourceTree = "<group>";
		};
		AD10D4B72C3D1034008481FF /* Products */ = {
			isa = PBXGroup;
			children = (
				AD10D4B62C3D1034008481FF /* TDD.app */,
			);
			name = Products;
			sourceTree = "<group>";
		};
		AD10D4B82C3D1034008481FF /* TDD */ = {
			isa = PBXGroup;
			children = (
				AD5D72CD2C5397EE009FE208 /* TDD.entitlements */,
				AD5D72CC2C5394BB009FE208 /* TDDDebug.entitlements */,
				AD10DBB32C3FC61300785252 /* Info.plist */,
				AD10DBB62C400E9700785252 /* App */,
				ADEA4B5F2C48A8C500C10B9C /* General */,
				AD10DBCC2C40C9DC00785252 /* Extension */,
				AD10DBB52C400DE500785252 /* Dependency */,
				AD10D4D32C3D2390008481FF /* View */,
				AD10DBB42C400C9700785252 /* Model */,
				AD10DBB72C400F4300785252 /* Service */,
				ADAA4FE72C58BD4700EF30E0 /* Keychain */,
				AD46DDF32C47834500DE940B /* Network */,
				AD46DDF02C47760400DE940B /* Resource */,
				AD10D4BF2C3D1035008481FF /* Preview Content */,
			);
			path = TDD;
			sourceTree = "<group>";
		};
		AD10D4BF2C3D1035008481FF /* Preview Content */ = {
			isa = PBXGroup;
			children = (
				AD10D4C02C3D1035008481FF /* Preview Assets.xcassets */,
			);
			path = "Preview Content";
			sourceTree = "<group>";
		};
		AD10D4D32C3D2390008481FF /* View */ = {
			isa = PBXGroup;
			children = (
				AD8996C02C592FEF0081B487 /* GitHub */,
				AD10DBAB2C3ED6D800785252 /* Authentication */,
				ADF2AB7B2C3E993D00B5AD60 /* Login */,
				AD10DBBC2C401EFA00785252 /* MainTab */,
				AD10DBB02C3FB57A00785252 /* Calendar */,
				AD10DBC52C40231000785252 /* Unknown */,
				AD10DBC42C40230E00785252 /* MyInfo */,
			);
			path = View;
			sourceTree = "<group>";
		};
		AD10DBAB2C3ED6D800785252 /* Authentication */ = {
			isa = PBXGroup;
			children = (
				AD10DBAC2C3ED76B00785252 /* AuthenticationView.swift */,
				AD10DBAE2C3ED77400785252 /* AuthenticationViewModel.swift */,
			);
			path = Authentication;
			sourceTree = "<group>";
		};
		AD10DBB02C3FB57A00785252 /* Calendar */ = {
			isa = PBXGroup;
			children = (
				AD10DBB12C3FB5FF00785252 /* CalendarView.swift */,
				AD10DBCA2C40C4C600785252 /* CalendarViewModel.swift */,
				ADAA4FEB2C58E65100EF30E0 /* TodoList */,
				ADAA4FEA2C58E63700EF30E0 /* TodoInput */,
				AD80C80C2C510CD400FB71A9 /* TodoDetail */,
			);
			path = Calendar;
			sourceTree = "<group>";
		};
		AD10DBB42C400C9700785252 /* Model */ = {
			isa = PBXGroup;
			children = (
				AD10DBCF2C40D3DB00785252 /* Month.swift */,
			);
			path = Model;
			sourceTree = "<group>";
		};
		AD10DBB52C400DE500785252 /* Dependency */ = {
			isa = PBXGroup;
			children = (
				AD67DF3A2C47F435008971DB /* Protocol */,
				AD67DF352C47F386008971DB /* Navigation */,
				AD10DBBA2C401A9B00785252 /* DIContainer.swift */,
			);
			path = Dependency;
			sourceTree = "<group>";
		};
		AD10DBB62C400E9700785252 /* App */ = {
			isa = PBXGroup;
			children = (
				AD10D4B92C3D1034008481FF /* TDDApp.swift */,
			);
			path = App;
			sourceTree = "<group>";
		};
		AD10DBB72C400F4300785252 /* Service */ = {
			isa = PBXGroup;
			children = (
				AD10DBB82C400F6F00785252 /* Services.swift */,
				AD5D72C82C522C0B009FE208 /* TodoService.swift */,
				AD5D72CE2C54E3E7009FE208 /* AuthenticationService.swift */,
				AD6E2A722C5CBC7D006783B9 /* GitHubService.swift */,
				AD5D72CA2C524036009FE208 /* ServiceError.swift */,
			);
			path = Service;
			sourceTree = "<group>";
		};
		AD10DBBC2C401EFA00785252 /* MainTab */ = {
			isa = PBXGroup;
			children = (
				AD10DBBD2C401F2700785252 /* MainTabView.swift */,
				AD10DBC22C401F7A00785252 /* MainTabType.swift */,
				ADEA4B5D2C48A72700C10B9C /* MainTabViewModel.swift */,
			);
			path = MainTab;
			sourceTree = "<group>";
		};
		AD10DBC42C40230E00785252 /* MyInfo */ = {
			isa = PBXGroup;
			children = (
				AD10DBC62C40232400785252 /* MyInfoView.swift */,
			);
			path = MyInfo;
			sourceTree = "<group>";
		};
		AD10DBC52C40231000785252 /* Unknown */ = {
			isa = PBXGroup;
			children = (
				AD10DBC82C40234000785252 /* UnKnownView.swift */,
			);
			path = Unknown;
			sourceTree = "<group>";
		};
		AD10DBCC2C40C9DC00785252 /* Extension */ = {
			isa = PBXGroup;
			children = (
				AD10DBCD2C40CA0E00785252 /* Date+Extension.swift */,
			);
			path = Extension;
			sourceTree = "<group>";
		};
		AD241F502C4E2AFA00DE8805 /* GitHub */ = {
			isa = PBXGroup;
			children = (
				AD241F512C4E2B0B00DE8805 /* GitHubAPI.swift */,
				AD241F532C4E2B1700DE8805 /* GitHubAPITarget.swift */,
				AD241F552C4E2B5200DE8805 /* Models */,
			);
			path = GitHub;
			sourceTree = "<group>";
		};
		AD241F552C4E2B5200DE8805 /* Models */ = {
			isa = PBXGroup;
			children = (
				AD241F562C4E2B6800DE8805 /* CreateRepoRequest.swift */,
			);
			path = Models;
			sourceTree = "<group>";
		};
		AD46DDF02C47760400DE940B /* Resource */ = {
			isa = PBXGroup;
			children = (
				AD10D4BD2C3D1035008481FF /* Assets.xcassets */,
				AD46DDF12C47762A00DE940B /* Color.xcassets */,
			);
			path = Resource;
			sourceTree = "<group>";
		};
		AD46DDF32C47834500DE940B /* Network */ = {
			isa = PBXGroup;
			children = (
				AD46DDF62C47904200DE940B /* Base */,
				AD46DDFB2C4794EC00DE940B /* APIs */,
			);
			path = Network;
			sourceTree = "<group>";
		};
		AD46DDF62C47904200DE940B /* Base */ = {
			isa = PBXGroup;
			children = (
				AD46DDF72C47906E00DE940B /* TargetType.swift */,
				AD46DDF92C4792C500DE940B /* HTTPHeaderField.swift */,
				AD46DE042C479AF300DE940B /* APIEventLogger.swift */,
				AD46DE062C47A38000DE940B /* API.swift */,
				AD46DE082C47AFAF00DE940B /* AuthInterceptor.swift */,
			);
			path = Base;
			sourceTree = "<group>";
		};
		AD46DDFB2C4794EC00DE940B /* APIs */ = {
			isa = PBXGroup;
			children = (
				AD5D72D02C54F275009FE208 /* Auth */,
				AD241F502C4E2AFA00DE8805 /* GitHub */,
				AD46DDFC2C47952900DE940B /* Todo */,
			);
			path = APIs;
			sourceTree = "<group>";
		};
		AD46DDFC2C47952900DE940B /* Todo */ = {
			isa = PBXGroup;
			children = (
				AD46DE022C47981E00DE940B /* TodoAPI.swift */,
				AD46DDFD2C47954000DE940B /* TodoAPITarget.swift */,
				AD46DDFF2C47958400DE940B /* Models */,
			);
			path = Todo;
			sourceTree = "<group>";
		};
		AD46DDFF2C47958400DE940B /* Models */ = {
			isa = PBXGroup;
			children = (
				AD46DE002C4795BC00DE940B /* CreateTodoRequest.swift */,
				AD241F4E2C4E2AA700DE8805 /* GetTodoListRequest.swift */,
				AD5D72C62C521FBC009FE208 /* GetTodoListResponse.swift */,
				AD5D72C22C5213F4009FE208 /* GetTodoCountRequest.swift */,
				AD5D72C42C521A95009FE208 /* GetTodoCountResponse.swift */,
				ADFBF5E52C6098B50022ED2A /* TodoPatchRequest.swift */,
			);
			path = Models;
			sourceTree = "<group>";
		};
		AD5D72D02C54F275009FE208 /* Auth */ = {
			isa = PBXGroup;
			children = (
				AD5D72D12C54F286009FE208 /* AuthAPI.swift */,
				AD5D72D32C54F291009FE208 /* AuthAPITarget.swift */,
				AD5D72D52C54F2D3009FE208 /* Models */,
			);
			path = Auth;
			sourceTree = "<group>";
		};
		AD5D72D52C54F2D3009FE208 /* Models */ = {
			isa = PBXGroup;
			children = (
				AD5D72D62C54F2E1009FE208 /* LoginRequest.swift */,
				AD5D72D82C54F2E9009FE208 /* LoginResponse.swift */,
				AD6E2A6E2C5CA4EC006783B9 /* RefreshRequest.swift */,
				AD6E2A702C5CA51C006783B9 /* RefreshResponse.swift */,
			);
			path = Models;
			sourceTree = "<group>";
		};
		AD67DF302C47EF67008971DB /* CreateRepo */ = {
			isa = PBXGroup;
			children = (
				AD67DF312C47EF7D008971DB /* CreateRepoView.swift */,
				AD67DF332C47EF88008971DB /* CreateRepoViewModel.swift */,
			);
			path = CreateRepo;
			sourceTree = "<group>";
		};
		AD67DF352C47F386008971DB /* Navigation */ = {
			isa = PBXGroup;
			children = (
				AD67DF362C47F3BA008971DB /* NavigationDestination.swift */,
				AD67DF382C47F400008971DB /* NavigationRouter.swift */,
			);
			path = Navigation;
			sourceTree = "<group>";
		};
		AD67DF3A2C47F435008971DB /* Protocol */ = {
			isa = PBXGroup;
			children = (
				AD67DF3B2C47F449008971DB /* ObservableObjectSettable.swift */,
			);
			path = Protocol;
			sourceTree = "<group>";
		};
		AD80C80C2C510CD400FB71A9 /* TodoDetail */ = {
			isa = PBXGroup;
			children = (
				AD80C80F2C510CF900FB71A9 /* TodoDetailView.swift */,
				ADAAF2CD2C5E6F5A00C292CA /* TodoDetailViewModel.swift */,
			);
			path = TodoDetail;
			sourceTree = "<group>";
		};
		AD8996C02C592FEF0081B487 /* GitHub */ = {
			isa = PBXGroup;
			children = (
				AD8996C12C59302F0081B487 /* LinkGitHub */,
				AD67DF302C47EF67008971DB /* CreateRepo */,
			);
			path = GitHub;
			sourceTree = "<group>";
		};
		AD8996C12C59302F0081B487 /* LinkGitHub */ = {
			isa = PBXGroup;
			children = (
				AD8996C22C5930510081B487 /* LinkGitHubView.swift */,
				AD8996C42C5931BC0081B487 /* LinkGitHubViewModel.swift */,
				ADF2AB7E2C3EA0BF00B5AD60 /* LoginWebView.swift */,
			);
			path = LinkGitHub;
			sourceTree = "<group>";
		};
		ADAA4FE72C58BD4700EF30E0 /* Keychain */ = {
			isa = PBXGroup;
			children = (
				ADAA4FE82C58BD7100EF30E0 /* KeychainManager.swift */,
			);
			path = Keychain;
			sourceTree = "<group>";
		};
		ADAA4FEA2C58E63700EF30E0 /* TodoInput */ = {
			isa = PBXGroup;
			children = (
				ADAA4FEF2C58EB3900EF30E0 /* TodoInputView.swift */,
				AD87D0EE2C5B5A0700E68C90 /* TodoInputViewModel.swift */,
			);
			path = TodoInput;
			sourceTree = "<group>";
		};
		ADAA4FEB2C58E65100EF30E0 /* TodoList */ = {
			isa = PBXGroup;
			children = (
				ADAA4FF12C58F07000EF30E0 /* TodoListView.swift */,
				ADAA4FEC2C58E65800EF30E0 /* TodoCell */,
			);
			path = TodoList;
			sourceTree = "<group>";
		};
		ADAA4FEC2C58E65800EF30E0 /* TodoCell */ = {
			isa = PBXGroup;
			children = (
				ADAA4FED2C58EA3B00EF30E0 /* TodoCellView.swift */,
			);
			path = TodoCell;
			sourceTree = "<group>";
		};
		ADEA4B5F2C48A8C500C10B9C /* General */ = {
			isa = PBXGroup;
			children = (
				ADEA4B602C48A8E300C10B9C /* View */,
				AD6E2A742C5CC279006783B9 /* Phase.swift */,
				ADAAF2D12C5F796200C292CA /* TodoInfo.swift */,
			);
			path = General;
			sourceTree = "<group>";
		};
		ADEA4B602C48A8E300C10B9C /* View */ = {
			isa = PBXGroup;
			children = (
				ADEA4B612C48A8F700C10B9C /* NavigationRoutingView.swift */,
				AD6E2A762C5CC6DA006783B9 /* PlaceholderView.swift */,
				AD6E2A782C5CC6FF006783B9 /* LoadingView.swift */,
				AD6E2A7A2C5CC734006783B9 /* ErrorView.swift */,
				ADAAF2CF2C5F786800C292CA /* TodoInfoModifier.swift */,
			);
			path = View;
			sourceTree = "<group>";
		};
		ADF2AB7B2C3E993D00B5AD60 /* Login */ = {
			isa = PBXGroup;
			children = (
				ADF2AB7C2C3E994900B5AD60 /* LoginView.swift */,
			);
			path = Login;
			sourceTree = "<group>";
		};
/* End PBXGroup section */

/* Begin PBXNativeTarget section */
		AD10D4B52C3D1034008481FF /* TDD */ = {
			isa = PBXNativeTarget;
			buildConfigurationList = AD10D4C42C3D1035008481FF /* Build configuration list for PBXNativeTarget "TDD" */;
			buildPhases = (
				AD10D4B22C3D1034008481FF /* Sources */,
				AD10D4B32C3D1034008481FF /* Frameworks */,
				AD10D4B42C3D1034008481FF /* Resources */,
				AD10D4CD2C3D1257008481FF /* Embed Frameworks */,
			);
			buildRules = (
			);
			dependencies = (
			);
			name = TDD;
			packageProductDependencies = (
				AD10D4CF2C3D1340008481FF /* Alamofire */,
			);
			productName = TDD;
			productReference = AD10D4B62C3D1034008481FF /* TDD.app */;
			productType = "com.apple.product-type.application";
		};
/* End PBXNativeTarget section */

/* Begin PBXProject section */
		AD10D4AE2C3D1034008481FF /* Project object */ = {
			isa = PBXProject;
			attributes = {
				BuildIndependentTargetsInParallel = 1;
				LastSwiftUpdateCheck = 1540;
				LastUpgradeCheck = 1540;
				TargetAttributes = {
					AD10D4B52C3D1034008481FF = {
						CreatedOnToolsVersion = 15.4;
					};
				};
			};
			buildConfigurationList = AD10D4B12C3D1034008481FF /* Build configuration list for PBXProject "TDD" */;
			compatibilityVersion = "Xcode 14.0";
			developmentRegion = ko;
			hasScannedForEncodings = 0;
			knownRegions = (
				en,
				Base,
				ko,
			);
			mainGroup = AD10D4AD2C3D1034008481FF;
			packageReferences = (
				AD10D4CE2C3D1340008481FF /* XCRemoteSwiftPackageReference "Alamofire" */,
			);
			productRefGroup = AD10D4B72C3D1034008481FF /* Products */;
			projectDirPath = "";
			projectRoot = "";
			targets = (
				AD10D4B52C3D1034008481FF /* TDD */,
			);
		};
/* End PBXProject section */

/* Begin PBXResourcesBuildPhase section */
		AD10D4B42C3D1034008481FF /* Resources */ = {
			isa = PBXResourcesBuildPhase;
			buildActionMask = 2147483647;
			files = (
				AD10D4C12C3D1035008481FF /* Preview Assets.xcassets in Resources */,
				AD10D4BE2C3D1035008481FF /* Assets.xcassets in Resources */,
				AD46DDF22C47762A00DE940B /* Color.xcassets in Resources */,
			);
			runOnlyForDeploymentPostprocessing = 0;
		};
/* End PBXResourcesBuildPhase section */

/* Begin PBXSourcesBuildPhase section */
		AD10D4B22C3D1034008481FF /* Sources */ = {
			isa = PBXSourcesBuildPhase;
			buildActionMask = 2147483647;
			files = (
				AD5D72CB2C524036009FE208 /* ServiceError.swift in Sources */,
				AD8996C32C5930510081B487 /* LinkGitHubView.swift in Sources */,
				AD46DE072C47A38000DE940B /* API.swift in Sources */,
				ADAAF2D02C5F786800C292CA /* TodoInfoModifier.swift in Sources */,
				ADEA4B5E2C48A72700C10B9C /* MainTabViewModel.swift in Sources */,
				AD10DBBE2C401F2700785252 /* MainTabView.swift in Sources */,
				AD6E2A732C5CBC7D006783B9 /* GitHubService.swift in Sources */,
				AD10DBAF2C3ED77400785252 /* AuthenticationViewModel.swift in Sources */,
				AD10DBB22C3FB5FF00785252 /* CalendarView.swift in Sources */,
				AD8996C52C5931BC0081B487 /* LinkGitHubViewModel.swift in Sources */,
				AD10DBCB2C40C4C600785252 /* CalendarViewModel.swift in Sources */,
				AD67DF342C47EF88008971DB /* CreateRepoViewModel.swift in Sources */,
				ADAA4FEE2C58EA3B00EF30E0 /* TodoCellView.swift in Sources */,
				AD46DDF82C47906E00DE940B /* TargetType.swift in Sources */,
				AD10DBC92C40234000785252 /* UnKnownView.swift in Sources */,
				AD10DBC72C40232400785252 /* MyInfoView.swift in Sources */,
				AD241F542C4E2B1700DE8805 /* GitHubAPITarget.swift in Sources */,
				ADAAF2D22C5F796200C292CA /* TodoInfo.swift in Sources */,
				AD5D72CF2C54E3E7009FE208 /* AuthenticationService.swift in Sources */,
				AD46DDFE2C47954000DE940B /* TodoAPITarget.swift in Sources */,
				ADAA4FF02C58EB3900EF30E0 /* TodoInputView.swift in Sources */,
				ADF2AB7D2C3E994900B5AD60 /* LoginView.swift in Sources */,
				AD10DBC32C401F7A00785252 /* MainTabType.swift in Sources */,
				AD10DBD02C40D3DB00785252 /* Month.swift in Sources */,
				ADAA4FE92C58BD7100EF30E0 /* KeychainManager.swift in Sources */,
				AD6E2A752C5CC279006783B9 /* Phase.swift in Sources */,
				AD6E2A7B2C5CC734006783B9 /* ErrorView.swift in Sources */,
				AD67DF322C47EF7D008971DB /* CreateRepoView.swift in Sources */,
				AD6E2A792C5CC6FF006783B9 /* LoadingView.swift in Sources */,
				AD10DBB92C400F6F00785252 /* Services.swift in Sources */,
				AD241F572C4E2B6800DE8805 /* CreateRepoRequest.swift in Sources */,
				AD46DE012C4795BC00DE940B /* CreateTodoRequest.swift in Sources */,
				AD46DDFA2C4792C500DE940B /* HTTPHeaderField.swift in Sources */,
				AD5D72C32C5213F4009FE208 /* GetTodoCountRequest.swift in Sources */,
				AD67DF3C2C47F449008971DB /* ObservableObjectSettable.swift in Sources */,
				AD10DBBB2C401A9B00785252 /* DIContainer.swift in Sources */,
				AD6E2A712C5CA51C006783B9 /* RefreshResponse.swift in Sources */,
				AD46DE052C479AF300DE940B /* APIEventLogger.swift in Sources */,
				AD241F4F2C4E2AA700DE8805 /* GetTodoListRequest.swift in Sources */,
				ADFBF5E62C6098B50022ED2A /* TodoPatchRequest.swift in Sources */,
				AD10D4BA2C3D1034008481FF /* TDDApp.swift in Sources */,
				AD80C8102C510CF900FB71A9 /* TodoDetailView.swift in Sources */,
				AD5D72D92C54F2E9009FE208 /* LoginResponse.swift in Sources */,
				AD46DE092C47AFAF00DE940B /* AuthInterceptor.swift in Sources */,
				AD241F522C4E2B0B00DE8805 /* GitHubAPI.swift in Sources */,
				AD5D72C72C521FBC009FE208 /* GetTodoListResponse.swift in Sources */,
				AD46DE032C47981E00DE940B /* TodoAPI.swift in Sources */,
				AD67DF372C47F3BA008971DB /* NavigationDestination.swift in Sources */,
				AD5D72D22C54F286009FE208 /* AuthAPI.swift in Sources */,
				AD6E2A6F2C5CA4EC006783B9 /* RefreshRequest.swift in Sources */,
				ADEA4B622C48A8F700C10B9C /* NavigationRoutingView.swift in Sources */,
				AD5D72C92C522C0B009FE208 /* TodoService.swift in Sources */,
				ADAAF2CE2C5E6F5A00C292CA /* TodoDetailViewModel.swift in Sources */,
				AD5D72C52C521A95009FE208 /* GetTodoCountResponse.swift in Sources */,
				AD10DBCE2C40CA0E00785252 /* Date+Extension.swift in Sources */,
				ADF2AB7F2C3EA0BF00B5AD60 /* LoginWebView.swift in Sources */,
				AD6E2A772C5CC6DA006783B9 /* PlaceholderView.swift in Sources */,
				AD10DBAD2C3ED76B00785252 /* AuthenticationView.swift in Sources */,
				AD67DF392C47F400008971DB /* NavigationRouter.swift in Sources */,
				ADAA4FF22C58F07000EF30E0 /* TodoListView.swift in Sources */,
				AD87D0EF2C5B5A0700E68C90 /* TodoInputViewModel.swift in Sources */,
				AD5D72D42C54F291009FE208 /* AuthAPITarget.swift in Sources */,
				AD5D72D72C54F2E1009FE208 /* LoginRequest.swift in Sources */,
			);
			runOnlyForDeploymentPostprocessing = 0;
		};
/* End PBXSourcesBuildPhase section */

/* Begin XCBuildConfiguration section */
		AD10D4C22C3D1035008481FF /* Debug */ = {
			isa = XCBuildConfiguration;
			buildSettings = {
				ALWAYS_SEARCH_USER_PATHS = NO;
				ASSETCATALOG_COMPILER_GENERATE_SWIFT_ASSET_SYMBOL_EXTENSIONS = YES;
				CLANG_ANALYZER_NONNULL = YES;
				CLANG_ANALYZER_NUMBER_OBJECT_CONVERSION = YES_AGGRESSIVE;
				CLANG_CXX_LANGUAGE_STANDARD = "gnu++20";
				CLANG_ENABLE_MODULES = YES;
				CLANG_ENABLE_OBJC_ARC = YES;
				CLANG_ENABLE_OBJC_WEAK = YES;
				CLANG_WARN_BLOCK_CAPTURE_AUTORELEASING = YES;
				CLANG_WARN_BOOL_CONVERSION = YES;
				CLANG_WARN_COMMA = YES;
				CLANG_WARN_CONSTANT_CONVERSION = YES;
				CLANG_WARN_DEPRECATED_OBJC_IMPLEMENTATIONS = YES;
				CLANG_WARN_DIRECT_OBJC_ISA_USAGE = YES_ERROR;
				CLANG_WARN_DOCUMENTATION_COMMENTS = YES;
				CLANG_WARN_EMPTY_BODY = YES;
				CLANG_WARN_ENUM_CONVERSION = YES;
				CLANG_WARN_INFINITE_RECURSION = YES;
				CLANG_WARN_INT_CONVERSION = YES;
				CLANG_WARN_NON_LITERAL_NULL_CONVERSION = YES;
				CLANG_WARN_OBJC_IMPLICIT_RETAIN_SELF = YES;
				CLANG_WARN_OBJC_LITERAL_CONVERSION = YES;
				CLANG_WARN_OBJC_ROOT_CLASS = YES_ERROR;
				CLANG_WARN_QUOTED_INCLUDE_IN_FRAMEWORK_HEADER = YES;
				CLANG_WARN_RANGE_LOOP_ANALYSIS = YES;
				CLANG_WARN_STRICT_PROTOTYPES = YES;
				CLANG_WARN_SUSPICIOUS_MOVE = YES;
				CLANG_WARN_UNGUARDED_AVAILABILITY = YES_AGGRESSIVE;
				CLANG_WARN_UNREACHABLE_CODE = YES;
				CLANG_WARN__DUPLICATE_METHOD_MATCH = YES;
				COPY_PHASE_STRIP = NO;
				DEBUG_INFORMATION_FORMAT = dwarf;
				ENABLE_STRICT_OBJC_MSGSEND = YES;
				ENABLE_TESTABILITY = YES;
				ENABLE_USER_SCRIPT_SANDBOXING = YES;
				GCC_C_LANGUAGE_STANDARD = gnu17;
				GCC_DYNAMIC_NO_PIC = NO;
				GCC_NO_COMMON_BLOCKS = YES;
				GCC_OPTIMIZATION_LEVEL = 0;
				GCC_PREPROCESSOR_DEFINITIONS = (
					"DEBUG=1",
					"$(inherited)",
				);
				GCC_WARN_64_TO_32_BIT_CONVERSION = YES;
				GCC_WARN_ABOUT_RETURN_TYPE = YES_ERROR;
				GCC_WARN_UNDECLARED_SELECTOR = YES;
				GCC_WARN_UNINITIALIZED_AUTOS = YES_AGGRESSIVE;
				GCC_WARN_UNUSED_FUNCTION = YES;
				GCC_WARN_UNUSED_VARIABLE = YES;
				IPHONEOS_DEPLOYMENT_TARGET = 17.0;
				LOCALIZATION_PREFERS_STRING_CATALOGS = YES;
				MTL_ENABLE_DEBUG_INFO = INCLUDE_SOURCE;
				MTL_FAST_MATH = YES;
				ONLY_ACTIVE_ARCH = YES;
				SDKROOT = iphoneos;
				SWIFT_ACTIVE_COMPILATION_CONDITIONS = "DEBUG $(inherited)";
				SWIFT_OPTIMIZATION_LEVEL = "-Onone";
			};
			name = Debug;
		};
		AD10D4C32C3D1035008481FF /* Release */ = {
			isa = XCBuildConfiguration;
			buildSettings = {
				ALWAYS_SEARCH_USER_PATHS = NO;
				ASSETCATALOG_COMPILER_GENERATE_SWIFT_ASSET_SYMBOL_EXTENSIONS = YES;
				CLANG_ANALYZER_NONNULL = YES;
				CLANG_ANALYZER_NUMBER_OBJECT_CONVERSION = YES_AGGRESSIVE;
				CLANG_CXX_LANGUAGE_STANDARD = "gnu++20";
				CLANG_ENABLE_MODULES = YES;
				CLANG_ENABLE_OBJC_ARC = YES;
				CLANG_ENABLE_OBJC_WEAK = YES;
				CLANG_WARN_BLOCK_CAPTURE_AUTORELEASING = YES;
				CLANG_WARN_BOOL_CONVERSION = YES;
				CLANG_WARN_COMMA = YES;
				CLANG_WARN_CONSTANT_CONVERSION = YES;
				CLANG_WARN_DEPRECATED_OBJC_IMPLEMENTATIONS = YES;
				CLANG_WARN_DIRECT_OBJC_ISA_USAGE = YES_ERROR;
				CLANG_WARN_DOCUMENTATION_COMMENTS = YES;
				CLANG_WARN_EMPTY_BODY = YES;
				CLANG_WARN_ENUM_CONVERSION = YES;
				CLANG_WARN_INFINITE_RECURSION = YES;
				CLANG_WARN_INT_CONVERSION = YES;
				CLANG_WARN_NON_LITERAL_NULL_CONVERSION = YES;
				CLANG_WARN_OBJC_IMPLICIT_RETAIN_SELF = YES;
				CLANG_WARN_OBJC_LITERAL_CONVERSION = YES;
				CLANG_WARN_OBJC_ROOT_CLASS = YES_ERROR;
				CLANG_WARN_QUOTED_INCLUDE_IN_FRAMEWORK_HEADER = YES;
				CLANG_WARN_RANGE_LOOP_ANALYSIS = YES;
				CLANG_WARN_STRICT_PROTOTYPES = YES;
				CLANG_WARN_SUSPICIOUS_MOVE = YES;
				CLANG_WARN_UNGUARDED_AVAILABILITY = YES_AGGRESSIVE;
				CLANG_WARN_UNREACHABLE_CODE = YES;
				CLANG_WARN__DUPLICATE_METHOD_MATCH = YES;
				COPY_PHASE_STRIP = NO;
				DEBUG_INFORMATION_FORMAT = "dwarf-with-dsym";
				ENABLE_NS_ASSERTIONS = NO;
				ENABLE_STRICT_OBJC_MSGSEND = YES;
				ENABLE_USER_SCRIPT_SANDBOXING = YES;
				GCC_C_LANGUAGE_STANDARD = gnu17;
				GCC_NO_COMMON_BLOCKS = YES;
				GCC_WARN_64_TO_32_BIT_CONVERSION = YES;
				GCC_WARN_ABOUT_RETURN_TYPE = YES_ERROR;
				GCC_WARN_UNDECLARED_SELECTOR = YES;
				GCC_WARN_UNINITIALIZED_AUTOS = YES_AGGRESSIVE;
				GCC_WARN_UNUSED_FUNCTION = YES;
				GCC_WARN_UNUSED_VARIABLE = YES;
				IPHONEOS_DEPLOYMENT_TARGET = 17.0;
				LOCALIZATION_PREFERS_STRING_CATALOGS = YES;
				MTL_ENABLE_DEBUG_INFO = NO;
				MTL_FAST_MATH = YES;
				SDKROOT = iphoneos;
				SWIFT_COMPILATION_MODE = wholemodule;
				VALIDATE_PRODUCT = YES;
			};
			name = Release;
		};
		AD10D4C52C3D1035008481FF /* Debug */ = {
			isa = XCBuildConfiguration;
			buildSettings = {
				ASSETCATALOG_COMPILER_APPICON_NAME = AppIcon;
				ASSETCATALOG_COMPILER_GLOBAL_ACCENT_COLOR_NAME = AccentColor;
				CODE_SIGN_ENTITLEMENTS = TDD/TDDDebug.entitlements;
				CODE_SIGN_IDENTITY = "Apple Development";
				CODE_SIGN_STYLE = Automatic;
				CURRENT_PROJECT_VERSION = 1;
				DEVELOPMENT_ASSET_PATHS = "\"TDD/Preview Content\"";
				DEVELOPMENT_TEAM = 63K349422G;
				ENABLE_PREVIEWS = YES;
				GENERATE_INFOPLIST_FILE = YES;
				INFOPLIST_FILE = TDD/Info.plist;
				INFOPLIST_KEY_UIApplicationSceneManifest_Generation = YES;
				INFOPLIST_KEY_UIApplicationSupportsIndirectInputEvents = YES;
				INFOPLIST_KEY_UILaunchScreen_Generation = YES;
				INFOPLIST_KEY_UISupportedInterfaceOrientations_iPad = "UIInterfaceOrientationPortrait UIInterfaceOrientationPortraitUpsideDown UIInterfaceOrientationLandscapeLeft UIInterfaceOrientationLandscapeRight";
				INFOPLIST_KEY_UISupportedInterfaceOrientations_iPhone = "UIInterfaceOrientationPortrait UIInterfaceOrientationLandscapeLeft UIInterfaceOrientationLandscapeRight";
				LD_RUNPATH_SEARCH_PATHS = (
					"$(inherited)",
					"@executable_path/Frameworks",
				);
				MARKETING_VERSION = 1.0;
				PRODUCT_BUNDLE_IDENTIFIER = com.anyong.TDD;
				PRODUCT_NAME = "$(TARGET_NAME)";
				PROVISIONING_PROFILE_SPECIFIER = "";
				SWIFT_EMIT_LOC_STRINGS = YES;
				SWIFT_VERSION = 5.0;
				TARGETED_DEVICE_FAMILY = "1,2";
			};
			name = Debug;
		};
		AD10D4C62C3D1035008481FF /* Release */ = {
			isa = XCBuildConfiguration;
			buildSettings = {
				ASSETCATALOG_COMPILER_APPICON_NAME = AppIcon;
				ASSETCATALOG_COMPILER_GLOBAL_ACCENT_COLOR_NAME = AccentColor;
				CODE_SIGN_ENTITLEMENTS = TDD/TDD.entitlements;
				CODE_SIGN_IDENTITY = "Apple Development";
				CODE_SIGN_STYLE = Automatic;
				CURRENT_PROJECT_VERSION = 1;
				DEVELOPMENT_ASSET_PATHS = "\"TDD/Preview Content\"";
				DEVELOPMENT_TEAM = 63K349422G;
				ENABLE_PREVIEWS = YES;
				GENERATE_INFOPLIST_FILE = YES;
				INFOPLIST_FILE = TDD/Info.plist;
				INFOPLIST_KEY_UIApplicationSceneManifest_Generation = YES;
				INFOPLIST_KEY_UIApplicationSupportsIndirectInputEvents = YES;
				INFOPLIST_KEY_UILaunchScreen_Generation = YES;
				INFOPLIST_KEY_UISupportedInterfaceOrientations_iPad = "UIInterfaceOrientationPortrait UIInterfaceOrientationPortraitUpsideDown UIInterfaceOrientationLandscapeLeft UIInterfaceOrientationLandscapeRight";
				INFOPLIST_KEY_UISupportedInterfaceOrientations_iPhone = "UIInterfaceOrientationPortrait UIInterfaceOrientationLandscapeLeft UIInterfaceOrientationLandscapeRight";
				LD_RUNPATH_SEARCH_PATHS = (
					"$(inherited)",
					"@executable_path/Frameworks",
				);
				MARKETING_VERSION = 1.0;
				PRODUCT_BUNDLE_IDENTIFIER = com.anyong.TDD;
				PRODUCT_NAME = "$(TARGET_NAME)";
				PROVISIONING_PROFILE_SPECIFIER = "";
				SWIFT_EMIT_LOC_STRINGS = YES;
				SWIFT_VERSION = 5.0;
				TARGETED_DEVICE_FAMILY = "1,2";
			};
			name = Release;
		};
/* End XCBuildConfiguration section */

/* Begin XCConfigurationList section */
		AD10D4B12C3D1034008481FF /* Build configuration list for PBXProject "TDD" */ = {
			isa = XCConfigurationList;
			buildConfigurations = (
				AD10D4C22C3D1035008481FF /* Debug */,
				AD10D4C32C3D1035008481FF /* Release */,
			);
			defaultConfigurationIsVisible = 0;
			defaultConfigurationName = Release;
		};
		AD10D4C42C3D1035008481FF /* Build configuration list for PBXNativeTarget "TDD" */ = {
			isa = XCConfigurationList;
			buildConfigurations = (
				AD10D4C52C3D1035008481FF /* Debug */,
				AD10D4C62C3D1035008481FF /* Release */,
			);
			defaultConfigurationIsVisible = 0;
			defaultConfigurationName = Release;
		};
/* End XCConfigurationList section */

/* Begin XCRemoteSwiftPackageReference section */
		AD10D4CE2C3D1340008481FF /* XCRemoteSwiftPackageReference "Alamofire" */ = {
			isa = XCRemoteSwiftPackageReference;
			repositoryURL = "https://github.com/Alamofire/Alamofire.git";
			requirement = {
				kind = upToNextMajorVersion;
				minimumVersion = 5.9.1;
			};
		};
/* End XCRemoteSwiftPackageReference section */

/* Begin XCSwiftPackageProductDependency section */
		AD10D4CF2C3D1340008481FF /* Alamofire */ = {
			isa = XCSwiftPackageProductDependency;
			package = AD10D4CE2C3D1340008481FF /* XCRemoteSwiftPackageReference "Alamofire" */;
			productName = Alamofire;
		};
/* End XCSwiftPackageProductDependency section */
	};
	rootObject = AD10D4AE2C3D1034008481FF /* Project object */;
}
